
Microsoft Visual Studio Solution File, Format Version 12.00
# Visual Studio 15
VisualStudioVersion = 15.0.26730.16
MinimumVisualStudioVersion = 10.0.40219.1
Project("{FAE04EC0-301F-11D3-BF4B-00C04F79EFBC}") = "IdentityServerSample.WebApp", "IdentityServerSample.WebApp\IdentityServerSample.WebApp.csproj", "{A1CEE2E8-FE1B-4CDA-A6C0-A1750055AAB2}"
EndProject
Project("{FAE04EC0-301F-11D3-BF4B-00C04F79EFBC}") = "IdentityServerSample.Api", "IdentityServerSample.Api\IdentityServerSample.Api.csproj", "{9F34DF1C-9CA3-4A81-97A9-0D1F0D418846}"
EndProject
Project("{FAE04EC0-301F-11D3-BF4B-00C04F79EFBC}") = "IdentityServerSample.IdentityServer", "IdentityServerSample.IdentityServer\IdentityServerSample.IdentityServer.csproj", "{C0EF57FE-B51D-4DC7-BE8A-139C91668565}"
EndProject
Global
	GlobalSection(SolutionConfigurationPlatforms) = preSolution
		Debug|Any CPU = Debug|Any CPU
		Release|Any CPU = Release|Any CPU
	EndGlobalSection
	GlobalSection(ProjectConfigurationPlatforms) = postSolution
		{A1CEE2E8-FE1B-4CDA-A6C0-A1750055AAB2}.Debug|Any CPU.ActiveCfg = Debug|Any CPU
		{A1CEE2E8-FE1B-4CDA-A6C0-A1750055AAB2}.Debug|Any CPU.Build.0 = Debug|Any CPU
		{A1CEE2E8-FE1B-4CDA-A6C0-A1750055AAB2}.Release|Any CPU.ActiveCfg = Release|Any CPU
		{A1CEE2E8-FE1B-4CDA-A6C0-A1750055AAB2}.Release|Any CPU.Build.0 = Release|Any CPU
		{9F34DF1C-9CA3-4A81-97A9-0D1F0D418846}.Debug|Any CPU.ActiveCfg = Debug|Any CPU
		{9F34DF1C-9CA3-4A81-97A9-0D1F0D418846}.Debug|Any CPU.Build.0 = Debug|Any CPU
		{9F34DF1C-9CA3-4A81-97A9-0D1F0D418846}.Release|Any CPU.ActiveCfg = Release|Any CPU
		{9F34DF1C-9CA3-4A81-97A9-0D1F0D418846}.Release|Any CPU.Build.0 = Release|Any CPU
		{C0EF57FE-B51D-4DC7-BE8A-139C91668565}.Debug|Any CPU.ActiveCfg = Debug|Any CPU
		{C0EF57FE-B51D-4DC7-BE8A-139C91668565}.Debug|Any CPU.Build.0 = Debug|Any CPU
		{C0EF57FE-B51D-4DC7-BE8A-139C91668565}.Release|Any CPU.ActiveCfg = Release|Any CPU
		{C0EF57FE-B51D-4DC7-BE8A-139C91668565}.Release|Any CPU.Build.0 = Release|Any CPU
	EndGlobalSection
	GlobalSection(SolutionProperties) = preSolution
		HideSolutionNode = FALSE
	EndGlobalSection
	GlobalSection(ExtensibilityGlobals) = postSolution
		SolutionGuid = {82AB5B43-232A-47A5-89DC-EC0CFA557DE5}
	EndGlobalSection
EndGlobal
