
Microsoft Visual Studio Solution File, Format Version 12.00
# Visual Studio 15
VisualStudioVersion = 15.0.26730.16
MinimumVisualStudioVersion = 10.0.40219.1
Project("{FAE04EC0-301F-11D3-BF4B-00C04F79EFBC}") = "IdentityServerSample.WebApp", "IdentityServerSample.WebApp\IdentityServerSample.WebApp.csproj", "{2696D311-45A1-4BF7-BB3F-B88E67F7D9DE}"
EndProject
Project("{FAE04EC0-301F-11D3-BF4B-00C04F79EFBC}") = "IdentityServerSample.Api", "IdentityServerSample.Api\IdentityServerSample.Api.csproj", "{3A38D14A-1807-45D0-9C96-E99CB773134F}"
EndProject
Project("{9A19103F-16F7-4668-BE54-9A1E7A4F7556}") = "IdentityServerSample.IdentityServer", "IdentityServerSample.IdentityServer\IdentityServerSample.IdentityServer.csproj", "{777EDA07-2B7D-442D-9CEC-128AB8085F40}"
EndProject
Global
	GlobalSection(SolutionConfigurationPlatforms) = preSolution
		Debug|Any CPU = Debug|Any CPU
		Release|Any CPU = Release|Any CPU
	EndGlobalSection
	GlobalSection(ProjectConfigurationPlatforms) = postSolution
		{2696D311-45A1-4BF7-BB3F-B88E67F7D9DE}.Debug|Any CPU.ActiveCfg = Debug|Any CPU
		{2696D311-45A1-4BF7-BB3F-B88E67F7D9DE}.Debug|Any CPU.Build.0 = Debug|Any CPU
		{2696D311-45A1-4BF7-BB3F-B88E67F7D9DE}.Release|Any CPU.ActiveCfg = Release|Any CPU
		{2696D311-45A1-4BF7-BB3F-B88E67F7D9DE}.Release|Any CPU.Build.0 = Release|Any CPU
		{3A38D14A-1807-45D0-9C96-E99CB773134F}.Debug|Any CPU.ActiveCfg = Debug|Any CPU
		{3A38D14A-1807-45D0-9C96-E99CB773134F}.Debug|Any CPU.Build.0 = Debug|Any CPU
		{3A38D14A-1807-45D0-9C96-E99CB773134F}.Release|Any CPU.ActiveCfg = Release|Any CPU
		{3A38D14A-1807-45D0-9C96-E99CB773134F}.Release|Any CPU.Build.0 = Release|Any CPU
		{777EDA07-2B7D-442D-9CEC-128AB8085F40}.Debug|Any CPU.ActiveCfg = Debug|Any CPU
		{777EDA07-2B7D-442D-9CEC-128AB8085F40}.Debug|Any CPU.Build.0 = Debug|Any CPU
		{777EDA07-2B7D-442D-9CEC-128AB8085F40}.Release|Any CPU.ActiveCfg = Release|Any CPU
		{777EDA07-2B7D-442D-9CEC-128AB8085F40}.Release|Any CPU.Build.0 = Release|Any CPU
	EndGlobalSection
	GlobalSection(SolutionProperties) = preSolution
		HideSolutionNode = FALSE
	EndGlobalSection
	GlobalSection(ExtensibilityGlobals) = postSolution
		SolutionGuid = {C92CAE78-3C04-46C1-BD51-14C667E18AA0}
	EndGlobalSection
EndGlobal
