
Microsoft Visual Studio Solution File, Format Version 12.00
# Visual Studio 15
VisualStudioVersion = 15.0.27130.2010
MinimumVisualStudioVersion = 10.0.40219.1
Project("{9A19103F-16F7-4668-BE54-9A1E7A4F7556}") = "IdentityServerSample.WebApp", "IdentityServerSample.WebApp\IdentityServerSample.WebApp.csproj", "{A1CEE2E8-FE1B-4CDA-A6C0-A1750055AAB2}"
EndProject
Project("{9A19103F-16F7-4668-BE54-9A1E7A4F7556}") = "IdentityServerSample.Api", "IdentityServerSample.Api\IdentityServerSample.Api.csproj", "{9F34DF1C-9CA3-4A81-97A9-0D1F0D418846}"
EndProject
Project("{9A19103F-16F7-4668-BE54-9A1E7A4F7556}") = "IdentityServerSample.IdentityServer", "IdentityServerSample.IdentityServer\IdentityServerSample.IdentityServer.csproj", "{C0EF57FE-B51D-4DC7-BE8A-139C91668565}"
EndProject
Project("{9A19103F-16F7-4668-BE54-9A1E7A4F7556}") = "IdentityServerSample.Data", "IdentityServerSample.Data\IdentityServerSample.Data.csproj", "{95FCB41A-62C2-4F49-B39C-4CF0A73D659B}"
EndProject
Project("{9A19103F-16F7-4668-BE54-9A1E7A4F7556}") = "IdentityServerSample.Domain", "IdentityServerSample.Domain\IdentityServerSample.Domain.csproj", "{252B641E-03E2-4B93-9A82-E96E2428BA72}"
EndProject
Project("{9A19103F-16F7-4668-BE54-9A1E7A4F7556}") = "IdentityServerSample.AngularApp", "IdentityServerSample.AngularApp\IdentityServerSample.AngularApp.csproj", "{8D3E478B-94A0-4F47-8103-A2EBDA90F289}"
EndProject
Project("{FAE04EC0-301F-11D3-BF4B-00C04F79EFBC}") = "IdentityUserManager.UI", "IdentityUserManager.UI\IdentityUserManager.UI.csproj", "{647DA9E0-B7DD-4072-966D-1CC21F29AE05}"
EndProject
Global
	GlobalSection(SolutionConfigurationPlatforms) = preSolution
		Debug|Any CPU = Debug|Any CPU
		Release|Any CPU = Release|Any CPU
	EndGlobalSection
	GlobalSection(ProjectConfigurationPlatforms) = postSolution
		{A1CEE2E8-FE1B-4CDA-A6C0-A1750055AAB2}.Debug|Any CPU.ActiveCfg = Debug|Any CPU
		{A1CEE2E8-FE1B-4CDA-A6C0-A1750055AAB2}.Debug|Any CPU.Build.0 = Debug|Any CPU
		{A1CEE2E8-FE1B-4CDA-A6C0-A1750055AAB2}.Release|Any CPU.ActiveCfg = Release|Any CPU
		{A1CEE2E8-FE1B-4CDA-A6C0-A1750055AAB2}.Release|Any CPU.Build.0 = Release|Any CPU
		{9F34DF1C-9CA3-4A81-97A9-0D1F0D418846}.Debug|Any CPU.ActiveCfg = Debug|Any CPU
		{9F34DF1C-9CA3-4A81-97A9-0D1F0D418846}.Debug|Any CPU.Build.0 = Debug|Any CPU
		{9F34DF1C-9CA3-4A81-97A9-0D1F0D418846}.Release|Any CPU.ActiveCfg = Release|Any CPU
		{9F34DF1C-9CA3-4A81-97A9-0D1F0D418846}.Release|Any CPU.Build.0 = Release|Any CPU
		{C0EF57FE-B51D-4DC7-BE8A-139C91668565}.Debug|Any CPU.ActiveCfg = Debug|Any CPU
		{C0EF57FE-B51D-4DC7-BE8A-139C91668565}.Debug|Any CPU.Build.0 = Debug|Any CPU
		{C0EF57FE-B51D-4DC7-BE8A-139C91668565}.Release|Any CPU.ActiveCfg = Release|Any CPU
		{C0EF57FE-B51D-4DC7-BE8A-139C91668565}.Release|Any CPU.Build.0 = Release|Any CPU
		{95FCB41A-62C2-4F49-B39C-4CF0A73D659B}.Debug|Any CPU.ActiveCfg = Debug|Any CPU
		{95FCB41A-62C2-4F49-B39C-4CF0A73D659B}.Debug|Any CPU.Build.0 = Debug|Any CPU
		{95FCB41A-62C2-4F49-B39C-4CF0A73D659B}.Release|Any CPU.ActiveCfg = Release|Any CPU
		{95FCB41A-62C2-4F49-B39C-4CF0A73D659B}.Release|Any CPU.Build.0 = Release|Any CPU
		{252B641E-03E2-4B93-9A82-E96E2428BA72}.Debug|Any CPU.ActiveCfg = Debug|Any CPU
		{252B641E-03E2-4B93-9A82-E96E2428BA72}.Debug|Any CPU.Build.0 = Debug|Any CPU
		{252B641E-03E2-4B93-9A82-E96E2428BA72}.Release|Any CPU.ActiveCfg = Release|Any CPU
		{252B641E-03E2-4B93-9A82-E96E2428BA72}.Release|Any CPU.Build.0 = Release|Any CPU
		{8D3E478B-94A0-4F47-8103-A2EBDA90F289}.Debug|Any CPU.ActiveCfg = Debug|Any CPU
		{8D3E478B-94A0-4F47-8103-A2EBDA90F289}.Debug|Any CPU.Build.0 = Debug|Any CPU
		{8D3E478B-94A0-4F47-8103-A2EBDA90F289}.Release|Any CPU.ActiveCfg = Release|Any CPU
		{8D3E478B-94A0-4F47-8103-A2EBDA90F289}.Release|Any CPU.Build.0 = Release|Any CPU
		{647DA9E0-B7DD-4072-966D-1CC21F29AE05}.Debug|Any CPU.ActiveCfg = Debug|Any CPU
		{647DA9E0-B7DD-4072-966D-1CC21F29AE05}.Debug|Any CPU.Build.0 = Debug|Any CPU
		{647DA9E0-B7DD-4072-966D-1CC21F29AE05}.Release|Any CPU.ActiveCfg = Release|Any CPU
		{647DA9E0-B7DD-4072-966D-1CC21F29AE05}.Release|Any CPU.Build.0 = Release|Any CPU
	EndGlobalSection
	GlobalSection(SolutionProperties) = preSolution
		HideSolutionNode = FALSE
	EndGlobalSection
	GlobalSection(ExtensibilityGlobals) = postSolution
		SolutionGuid = {82AB5B43-232A-47A5-89DC-EC0CFA557DE5}
	EndGlobalSection
EndGlobal
